// !$*UTF8*$!
{
	archiveVersion = 1;
	classes = {
	};
	objectVersion = 77;
	objects = {

/* Begin PBXContainerItemProxy section */
		8B7D87562F32EA6100AE7E06 /* PBXContainerItemProxy */ = {
			isa = PBXContainerItemProxy;
			containerPortal = 8B7D87372F32EA5F00AE7E06 /* Project object */;
			proxyType = 1;
			remoteGlobalIDString = 8B7D873E2F32EA5F00AE7E06;
			remoteInfo = "apiColombia-iOS";
		};
		8B7D87602F32EA6100AE7E06 /* PBXContainerItemProxy */ = {
			isa = PBXContainerItemProxy;
			containerPortal = 8B7D87372F32EA5F00AE7E06 /* Project object */;
			proxyType = 1;
			remoteGlobalIDString = 8B7D873E2F32EA5F00AE7E06;
			remoteInfo = "apiColombia-iOS";
		};
/* End PBXContainerItemProxy section */

/* Begin PBXFileReference section */
		8B7D873F2F32EA5F00AE7E06 /* apiColombia-iOS.app */ = {isa = PBXFileReference; explicitFileType = wrapper.application; includeInIndex = 0; path = "apiColombia-iOS.app"; sourceTree = BUILT_PRODUCTS_DIR; };
		8B7D87552F32EA6100AE7E06 /* apiColombia-iOSTests.xctest */ = {isa = PBXFileReference; explicitFileType = wrapper.cfbundle; includeInIndex = 0; path = "apiColombia-iOSTests.xctest"; sourceTree = BUILT_PRODUCTS_DIR; };
		8B7D875F2F32EA6100AE7E06 /* apiColombia-iOSUITests.xctest */ = {isa = PBXFileReference; explicitFileType = wrapper.cfbundle; includeInIndex = 0; path = "apiColombia-iOSUITests.xctest"; sourceTree = BUILT_PRODUCTS_DIR; };
/* End PBXFileReference section */

/* Begin PBXFileSystemSynchronizedBuildFileExceptionSet section */
		8B7D87672F32EA6100AE7E06 /* Exceptions for "apiColombia-iOS" folder in "apiColombia-iOS" target */ = {
			isa = PBXFileSystemSynchronizedBuildFileExceptionSet;
			membershipExceptions = (
				Info.plist,
			);
			target = 8B7D873E2F32EA5F00AE7E06 /* apiColombia-iOS */;
		};
/* End PBXFileSystemSynchronizedBuildFileExceptionSet section */

/* Begin PBXFileSystemSynchronizedRootGroup section */
		8B7D87412F32EA5F00AE7E06 /* apiColombia-iOS */ = {
			isa = PBXFileSystemSynchronizedRootGroup;
			exceptions = (
				8B7D87672F32EA6100AE7E06 /* Exceptions for "apiColombia-iOS" folder in "apiColombia-iOS" target */,
			);
			path = "apiColombia-iOS";
			sourceTree = "<group>";
		};
		8B7D87582F32EA6100AE7E06 /* apiColombia-iOSTests */ = {
			isa = PBXFileSystemSynchronizedRootGroup;
			path = "apiColombia-iOSTests";
			sourceTree = "<group>";
		};
		8B7D87622F32EA6100AE7E06 /* apiColombia-iOSUITests */ = {
			isa = PBXFileSystemSynchronizedRootGroup;
			path = "apiColombia-iOSUITests";
			sourceTree = "<group>";
		};
/* End PBXFileSystemSynchronizedRootGroup section */

/* Begin PBXFrameworksBuildPhase section */
		8B7D873C2F32EA5F00AE7E06 /* Frameworks */ = {
			isa = PBXFrameworksBuildPhase;
			buildActionMask = 2147483647;
			files = (
			);
			runOnlyForDeploymentPostprocessing = 0;
		};
		8B7D87522F32EA6100AE7E06 /* Frameworks */ = {
			isa = PBXFrameworksBuildPhase;
			buildActionMask = 2147483647;
			files = (
			);
			runOnlyForDeploymentPostprocessing = 0;
		};
		8B7D875C2F32EA6100AE7E06 /* Frameworks */ = {
			isa = PBXFrameworksBuildPhase;
			buildActionMask = 2147483647;
			files = (
			);
			runOnlyForDeploymentPostprocessing = 0;
		};
/* End PBXFrameworksBuildPhase section */

/* Begin PBXGroup section */
		8B7D87362F32EA5F00AE7E06 = {
			isa = PBXGroup;
			children = (
				8B7D87412F32EA5F00AE7E06 /* apiColombia-iOS */,
				8B7D87582F32EA6100AE7E06 /* apiColombia-iOSTests */,
				8B7D87622F32EA6100AE7E06 /* apiColombia-iOSUITests */,
				8B7D87402F32EA5F00AE7E06 /* Products */,
			);
			sourceTree = "<group>";
		};
		8B7D87402F32EA5F00AE7E06 /* Products */ = {
			isa = PBXGroup;
			children = (
				8B7D873F2F32EA5F00AE7E06 /* apiColombia-iOS.app */,
				8B7D87552F32EA6100AE7E06 /* apiColombia-iOSTests.xctest */,
				8B7D875F2F32EA6100AE7E06 /* apiColombia-iOSUITests.xctest */,
			);
			name = Products;
			sourceTree = "<group>";
		};
/* End PBXGroup section */

/* Begin PBXNativeTarget section */
		8B7D873E2F32EA5F00AE7E06 /* apiColombia-iOS */ = {
			isa = PBXNativeTarget;
			buildConfigurationList = 8B7D87682F32EA6100AE7E06 /* Build configuration list for PBXNativeTarget "apiColombia-iOS" */;
			buildPhases = (
				8B7D873B2F32EA5F00AE7E06 /* Sources */,
				8B7D873C2F32EA5F00AE7E06 /* Frameworks */,
				8B7D873D2F32EA5F00AE7E06 /* Resources */,
			);
			buildRules = (
			);
			dependencies = (
			);
			fileSystemSynchronizedGroups = (
				8B7D87412F32EA5F00AE7E06 /* apiColombia-iOS */,
			);
			name = "apiColombia-iOS";
			packageProductDependencies = (
			);
			productName = "apiColombia-iOS";
			productReference = 8B7D873F2F32EA5F00AE7E06 /* apiColombia-iOS.app */;
			productType = "com.apple.product-type.application";
		};
		8B7D87542F32EA6100AE7E06 /* apiColombia-iOSTests */ = {
			isa = PBXNativeTarget;
			buildConfigurationList = 8B7D876D2F32EA6100AE7E06 /* Build configuration list for PBXNativeTarget "apiColombia-iOSTests" */;
			buildPhases = (
				8B7D87512F32EA6100AE7E06 /* Sources */,
				8B7D87522F32EA6100AE7E06 /* Frameworks */,
				8B7D87532F32EA6100AE7E06 /* Resources */,
			);
			buildRules = (
			);
			dependencies = (
				8B7D87572F32EA6100AE7E06 /* PBXTargetDependency */,
			);
			fileSystemSynchronizedGroups = (
				8B7D87582F32EA6100AE7E06 /* apiColombia-iOSTests */,
			);
			name = "apiColombia-iOSTests";
			packageProductDependencies = (
			);
			productName = "apiColombia-iOSTests";
			productReference = 8B7D87552F32EA6100AE7E06 /* apiColombia-iOSTests.xctest */;
			productType = "com.apple.product-type.bundle.unit-test";
		};
		8B7D875E2F32EA6100AE7E06 /* apiColombia-iOSUITests */ = {
			isa = PBXNativeTarget;
			buildConfigurationList = 8B7D87702F32EA6100AE7E06 /* Build configuration list for PBXNativeTarget "apiColombia-iOSUITests" */;
			buildPhases = (
				8B7D875B2F32EA6100AE7E06 /* Sources */,
				8B7D875C2F32EA6100AE7E06 /* Frameworks */,
				8B7D875D2F32EA6100AE7E06 /* Resources */,
			);
			buildRules = (
			);
			dependencies = (
				8B7D87612F32EA6100AE7E06 /* PBXTargetDependency */,
			);
			fileSystemSynchronizedGroups = (
				8B7D87622F32EA6100AE7E06 /* apiColombia-iOSUITests */,
			);
			name = "apiColombia-iOSUITests";
			packageProductDependencies = (
			);
			productName = "apiColombia-iOSUITests";
			productReference = 8B7D875F2F32EA6100AE7E06 /* apiColombia-iOSUITests.xctest */;
			productType = "com.apple.product-type.bundle.ui-testing";
		};
/* End PBXNativeTarget section */

/* Begin PBXProject section */
		8B7D87372F32EA5F00AE7E06 /* Project object */ = {
			isa = PBXProject;
			attributes = {
				BuildIndependentTargetsInParallel = 1;
				LastSwiftUpdateCheck = 1640;
				LastUpgradeCheck = 1640;
				TargetAttributes = {
					8B7D873E2F32EA5F00AE7E06 = {
						CreatedOnToolsVersion = 16.4;
					};
					8B7D87542F32EA6100AE7E06 = {
						CreatedOnToolsVersion = 16.4;
						TestTargetID = 8B7D873E2F32EA5F00AE7E06;
					};
					8B7D875E2F32EA6100AE7E06 = {
						CreatedOnToolsVersion = 16.4;
						TestTargetID = 8B7D873E2F32EA5F00AE7E06;
					};
				};
			};
			buildConfigurationList = 8B7D873A2F32EA5F00AE7E06 /* Build configuration list for PBXProject "apiColombia-iOS" */;
			developmentRegion = en;
			hasScannedForEncodings = 0;
			knownRegions = (
				en,
				Base,
			);
			mainGroup = 8B7D87362F32EA5F00AE7E06;
			minimizedProjectReferenceProxies = 1;
			preferredProjectObjectVersion = 77;
			productRefGroup = 8B7D87402F32EA5F00AE7E06 /* Products */;
			projectDirPath = "";
			projectRoot = "";
			targets = (
				8B7D873E2F32EA5F00AE7E06 /* apiColombia-iOS */,
				8B7D87542F32EA6100AE7E06 /* apiColombia-iOSTests */,
				8B7D875E2F32EA6100AE7E06 /* apiColombia-iOSUITests */,
			);
		};
/* End PBXProject section */

/* Begin PBXResourcesBuildPhase section */
		8B7D873D2F32EA5F00AE7E06 /* Resources */ = {
			isa = PBXResourcesBuildPhase;
			buildActionMask = 2147483647;
			files = (
			);
			runOnlyForDeploymentPostprocessing = 0;
		};
		8B7D87532F32EA6100AE7E06 /* Resources */ = {
			isa = PBXResourcesBuildPhase;
			buildActionMask = 2147483647;
			files = (
			);
			runOnlyForDeploymentPostprocessing = 0;
		};
		8B7D875D2F32EA6100AE7E06 /* Resources */ = {
			isa = PBXResourcesBuildPhase;
			buildActionMask = 2147483647;
			files = (
			);
			runOnlyForDeploymentPostprocessing = 0;
		};
/* End PBXResourcesBuildPhase section */

/* Begin PBXSourcesBuildPhase section */
		8B7D873B2F32EA5F00AE7E06 /* Sources */ = {
			isa = PBXSourcesBuildPhase;
			buildActionMask = 2147483647;
			files = (
			);
			runOnlyForDeploymentPostprocessing = 0;
		};
		8B7D87512F32EA6100AE7E06 /* Sources */ = {
			isa = PBXSourcesBuildPhase;
			buildActionMask = 2147483647;
			files = (
			);
			runOnlyForDeploymentPostprocessing = 0;
		};
		8B7D875B2F32EA6100AE7E06 /* Sources */ = {
			isa = PBXSourcesBuildPhase;
			buildActionMask = 2147483647;
			files = (
			);
			runOnlyForDeploymentPostprocessing = 0;
		};
/* End PBXSourcesBuildPhase section */

/* Begin PBXTargetDependency section */
		8B7D87572F32EA6100AE7E06 /* PBXTargetDependency */ = {
			isa = PBXTargetDependency;
			target = 8B7D873E2F32EA5F00AE7E06 /* apiColombia-iOS */;
			targetProxy = 8B7D87562F32EA6100AE7E06 /* PBXContainerItemProxy */;
		};
		8B7D87612F32EA6100AE7E06 /* PBXTargetDependency */ = {
			isa = PBXTargetDependency;
			target = 8B7D873E2F32EA5F00AE7E06 /* apiColombia-iOS */;
			targetProxy = 8B7D87602F32EA6100AE7E06 /* PBXContainerItemProxy */;
		};
/* End PBXTargetDependency section */

/* Begin XCBuildConfiguration section */
		8B7D87692F32EA6100AE7E06 /* Debug */ = {
			isa = XCBuildConfiguration;
			buildSettings = {
				ASSETCATALOG_COMPILER_APPICON_NAME = AppIcon;
				ASSETCATALOG_COMPILER_GLOBAL_ACCENT_COLOR_NAME = AccentColor;
				CODE_SIGN_STYLE = Automatic;
				CURRENT_PROJECT_VERSION = 1;
				DEVELOPMENT_TEAM = P54HW8PSFF;
				GENERATE_INFOPLIST_FILE = YES;
				INFOPLIST_FILE = "apiColombia-iOS/Info.plist";
				INFOPLIST_KEY_UIApplicationSupportsIndirectInputEvents = YES;
				INFOPLIST_KEY_UILaunchStoryboardName = LaunchScreen;
				INFOPLIST_KEY_UIMainStoryboardFile = Main;
				INFOPLIST_KEY_UISupportedInterfaceOrientations_iPad = "UIInterfaceOrientationPortrait UIInterfaceOrientationPortraitUpsideDown UIInterfaceOrientationLandscapeLeft UIInterfaceOrientationLandscapeRight";
				INFOPLIST_KEY_UISupportedInterfaceOrientations_iPhone = "UIInterfaceOrientationPortrait UIInterfaceOrientationLandscapeLeft UIInterfaceOrientationLandscapeRight";
				LD_RUNPATH_SEARCH_PATHS = (
					"$(inherited)",
					"@executable_path/Frameworks",
				);
				MARKETING_VERSION = 1.0;
				PRODUCT_BUNDLE_IDENTIFIER = "Joan.apiColombia-iOS";
				PRODUCT_NAME = "$(TARGET_NAME)";
				SWIFT_EMIT_LOC_STRINGS = YES;
				SWIFT_VERSION = 5.0;
				TARGETED_DEVICE_FAMILY = "1,2";
			};
			name = Debug;
		};
		8B7D876A2F32EA6100AE7E06 /* Release */ = {
			isa = XCBuildConfiguration;
			buildSettings = {
				ASSETCATALOG_COMPILER_APPICON_NAME = AppIcon;
				ASSETCATALOG_COMPILER_GLOBAL_ACCENT_COLOR_NAME = AccentColor;
				CODE_SIGN_STYLE = Automatic;
				CURRENT_PROJECT_VERSION = 1;
				DEVELOPMENT_TEAM = P54HW8PSFF;
				GENERATE_INFOPLIST_FILE = YES;
				INFOPLIST_FILE = "apiColombia-iOS/Info.plist";
				INFOPLIST_KEY_UIApplicationSupportsIndirectInputEvents = YES;
				INFOPLIST_KEY_UILaunchStoryboardName = LaunchScreen;
				INFOPLIST_KEY_UIMainStoryboardFile = Main;
				INFOPLIST_KEY_UISupportedInterfaceOrientations_iPad = "UIInterfaceOrientationPortrait UIInterfaceOrientationPortraitUpsideDown UIInterfaceOrientationLandscapeLeft UIInterfaceOrientationLandscapeRight";
				INFOPLIST_KEY_UISupportedInterfaceOrientations_iPhone = "UIInterfaceOrientationPortrait UIInterfaceOrientationLandscapeLeft UIInterfaceOrientationLandscapeRight";
				LD_RUNPATH_SEARCH_PATHS = (
					"$(inherited)",
					"@executable_path/Frameworks",
				);
				MARKETING_VERSION = 1.0;
				PRODUCT_BUNDLE_IDENTIFIER = "Joan.apiColombia-iOS";
				PRODUCT_NAME = "$(TARGET_NAME)";
				SWIFT_EMIT_LOC_STRINGS = YES;
				SWIFT_VERSION = 5.0;
				TARGETED_DEVICE_FAMILY = "1,2";
			};
			name = Release;
		};
		8B7D876B2F32EA6100AE7E06 /* Debug */ = {
			isa = XCBuildConfiguration;
			buildSettings = {
				ALWAYS_SEARCH_USER_PATHS = NO;
				ASSETCATALOG_COMPILER_GENERATE_SWIFT_ASSET_SYMBOL_EXTENSIONS = YES;
				CLANG_ANALYZER_NONNULL = YES;
				CLANG_ANALYZER_NUMBER_OBJECT_CONVERSION = YES_AGGRESSIVE;
				CLANG_CXX_LANGUAGE_STANDARD = "gnu++20";
				CLANG_ENABLE_MODULES = YES;
				CLANG_ENABLE_OBJC_ARC = YES;
				CLANG_ENABLE_OBJC_WEAK = YES;
				CLANG_WARN_BLOCK_CAPTURE_AUTORELEASING = YES;
				CLANG_WARN_BOOL_CONVERSION = YES;
				CLANG_WARN_COMMA = YES;
				CLANG_WARN_CONSTANT_CONVERSION = YES;
				CLANG_WARN_DEPRECATED_OBJC_IMPLEMENTATIONS = YES;
				CLANG_WARN_DIRECT_OBJC_ISA_USAGE = YES_ERROR;
				CLANG_WARN_DOCUMENTATION_COMMENTS = YES;
				CLANG_WARN_EMPTY_BODY = YES;
				CLANG_WARN_ENUM_CONVERSION = YES;
				CLANG_WARN_INFINITE_RECURSION = YES;
				CLANG_WARN_INT_CONVERSION = YES;
				CLANG_WARN_NON_LITERAL_NULL_CONVERSION = YES;
				CLANG_WARN_OBJC_IMPLICIT_RETAIN_SELF = YES;
				CLANG_WARN_OBJC_LITERAL_CONVERSION = YES;
				CLANG_WARN_OBJC_ROOT_CLASS = YES_ERROR;
				CLANG_WARN_QUOTED_INCLUDE_IN_FRAMEWORK_HEADER = YES;
				CLANG_WARN_RANGE_LOOP_ANALYSIS = YES;
				CLANG_WARN_STRICT_PROTOTYPES = YES;
				CLANG_WARN_SUSPICIOUS_MOVE = YES;
				CLANG_WARN_UNGUARDED_AVAILABILITY = YES_AGGRESSIVE;
				CLANG_WARN_UNREACHABLE_CODE = YES;
				CLANG_WARN__DUPLICATE_METHOD_MATCH = YES;
				COPY_PHASE_STRIP = NO;
				DEBUG_INFORMATION_FORMAT = dwarf;
				DEVELOPMENT_TEAM = P54HW8PSFF;
				ENABLE_STRICT_OBJC_MSGSEND = YES;
				ENABLE_TESTABILITY = YES;
				ENABLE_USER_SCRIPT_SANDBOXING = YES;
				GCC_C_LANGUAGE_STANDARD = gnu17;
				GCC_DYNAMIC_NO_PIC = NO;
				GCC_NO_COMMON_BLOCKS = YES;
				GCC_OPTIMIZATION_LEVEL = 0;
				GCC_PREPROCESSOR_DEFINITIONS = (
					"DEBUG=1",
					"$(inherited)",
				);
				GCC_WARN_64_TO_32_BIT_CONVERSION = YES;
				GCC_WARN_ABOUT_RETURN_TYPE = YES_ERROR;
				GCC_WARN_UNDECLARED_SELECTOR = YES;
				GCC_WARN_UNINITIALIZED_AUTOS = YES_AGGRESSIVE;
				GCC_WARN_UNUSED_FUNCTION = YES;
				GCC_WARN_UNUSED_VARIABLE = YES;
				IPHONEOS_DEPLOYMENT_TARGET = 18.5;
				LOCALIZATION_PREFERS_STRING_CATALOGS = YES;
				MTL_ENABLE_DEBUG_INFO = INCLUDE_SOURCE;
				MTL_FAST_MATH = YES;
				ONLY_ACTIVE_ARCH = YES;
				SDKROOT = iphoneos;
				SWIFT_ACTIVE_COMPILATION_CONDITIONS = "DEBUG $(inherited)";
				SWIFT_OPTIMIZATION_LEVEL = "-Onone";
			};
			name = Debug;
		};
		8B7D876C2F32EA6100AE7E06 /* Release */ = {
			isa = XCBuildConfiguration;
			buildSettings = {
				ALWAYS_SEARCH_USER_PATHS = NO;
				ASSETCATALOG_COMPILER_GENERATE_SWIFT_ASSET_SYMBOL_EXTENSIONS = YES;
				CLANG_ANALYZER_NONNULL = YES;
				CLANG_ANALYZER_NUMBER_OBJECT_CONVERSION = YES_AGGRESSIVE;
				CLANG_CXX_LANGUAGE_STANDARD = "gnu++20";
				CLANG_ENABLE_MODULES = YES;
				CLANG_ENABLE_OBJC_ARC = YES;
				CLANG_ENABLE_OBJC_WEAK = YES;
				CLANG_WARN_BLOCK_CAPTURE_AUTORELEASING = YES;
				CLANG_WARN_BOOL_CONVERSION = YES;
				CLANG_WARN_COMMA = YES;
				CLANG_WARN_CONSTANT_CONVERSION = YES;
				CLANG_WARN_DEPRECATED_OBJC_IMPLEMENTATIONS = YES;
				CLANG_WARN_DIRECT_OBJC_ISA_USAGE = YES_ERROR;
				CLANG_WARN_DOCUMENTATION_COMMENTS = YES;
				CLANG_WARN_EMPTY_BODY = YES;
				CLANG_WARN_ENUM_CONVERSION = YES;
				CLANG_WARN_INFINITE_RECURSION = YES;
				CLANG_WARN_INT_CONVERSION = YES;
				CLANG_WARN_NON_LITERAL_NULL_CONVERSION = YES;
				CLANG_WARN_OBJC_IMPLICIT_RETAIN_SELF = YES;
				CLANG_WARN_OBJC_LITERAL_CONVERSION = YES;
				CLANG_WARN_OBJC_ROOT_CLASS = YES_ERROR;
				CLANG_WARN_QUOTED_INCLUDE_IN_FRAMEWORK_HEADER = YES;
				CLANG_WARN_RANGE_LOOP_ANALYSIS = YES;
				CLANG_WARN_STRICT_PROTOTYPES = YES;
				CLANG_WARN_SUSPICIOUS_MOVE = YES;
				CLANG_WARN_UNGUARDED_AVAILABILITY = YES_AGGRESSIVE;
				CLANG_WARN_UNREACHABLE_CODE = YES;
				CLANG_WARN__DUPLICATE_METHOD_MATCH = YES;
				COPY_PHASE_STRIP = NO;
				DEBUG_INFORMATION_FORMAT = "dwarf-with-dsym";
				DEVELOPMENT_TEAM = P54HW8PSFF;
				ENABLE_NS_ASSERTIONS = NO;
				ENABLE_STRICT_OBJC_MSGSEND = YES;
				ENABLE_USER_SCRIPT_SANDBOXING = YES;
				GCC_C_LANGUAGE_STANDARD = gnu17;
				GCC_NO_COMMON_BLOCKS = YES;
				GCC_WARN_64_TO_32_BIT_CONVERSION = YES;
				GCC_WARN_ABOUT_RETURN_TYPE = YES_ERROR;
				GCC_WARN_UNDECLARED_SELECTOR = YES;
				GCC_WARN_UNINITIALIZED_AUTOS = YES_AGGRESSIVE;
				GCC_WARN_UNUSED_FUNCTION = YES;
				GCC_WARN_UNUSED_VARIABLE = YES;
				IPHONEOS_DEPLOYMENT_TARGET = 18.5;
				LOCALIZATION_PREFERS_STRING_CATALOGS = YES;
				MTL_ENABLE_DEBUG_INFO = NO;
				MTL_FAST_MATH = YES;
				SDKROOT = iphoneos;
				SWIFT_COMPILATION_MODE = wholemodule;
				VALIDATE_PRODUCT = YES;
			};
			name = Release;
		};
		8B7D876E2F32EA6100AE7E06 /* Debug */ = {
			isa = XCBuildConfiguration;
			buildSettings = {
				BUNDLE_LOADER = "$(TEST_HOST)";
				CODE_SIGN_STYLE = Automatic;
				CURRENT_PROJECT_VERSION = 1;
				DEVELOPMENT_TEAM = P54HW8PSFF;
				GENERATE_INFOPLIST_FILE = YES;
				IPHONEOS_DEPLOYMENT_TARGET = 18.5;
				MARKETING_VERSION = 1.0;
				PRODUCT_BUNDLE_IDENTIFIER = "Joan.apiColombia-iOSTests";
				PRODUCT_NAME = "$(TARGET_NAME)";
				SWIFT_EMIT_LOC_STRINGS = NO;
				SWIFT_VERSION = 5.0;
				TARGETED_DEVICE_FAMILY = "1,2";
				TEST_HOST = "$(BUILT_PRODUCTS_DIR)/apiColombia-iOS.app/$(BUNDLE_EXECUTABLE_FOLDER_PATH)/apiColombia-iOS";
			};
			name = Debug;
		};
		8B7D876F2F32EA6100AE7E06 /* Release */ = {
			isa = XCBuildConfiguration;
			buildSettings = {
				BUNDLE_LOADER = "$(TEST_HOST)";
				CODE_SIGN_STYLE = Automatic;
				CURRENT_PROJECT_VERSION = 1;
				DEVELOPMENT_TEAM = P54HW8PSFF;
				GENERATE_INFOPLIST_FILE = YES;
				IPHONEOS_DEPLOYMENT_TARGET = 18.5;
				MARKETING_VERSION = 1.0;
				PRODUCT_BUNDLE_IDENTIFIER = "Joan.apiColombia-iOSTests";
				PRODUCT_NAME = "$(TARGET_NAME)";
				SWIFT_EMIT_LOC_STRINGS = NO;
				SWIFT_VERSION = 5.0;
				TARGETED_DEVICE_FAMILY = "1,2";
				TEST_HOST = "$(BUILT_PRODUCTS_DIR)/apiColombia-iOS.app/$(BUNDLE_EXECUTABLE_FOLDER_PATH)/apiColombia-iOS";
			};
			name = Release;
		};
		8B7D87712F32EA6100AE7E06 /* Debug */ = {
			isa = XCBuildConfiguration;
			buildSettings = {
				CODE_SIGN_STYLE = Automatic;
				CURRENT_PROJECT_VERSION = 1;
				DEVELOPMENT_TEAM = P54HW8PSFF;
				GENERATE_INFOPLIST_FILE = YES;
				MARKETING_VERSION = 1.0;
				PRODUCT_BUNDLE_IDENTIFIER = "Joan.apiColombia-iOSUITests";
				PRODUCT_NAME = "$(TARGET_NAME)";
				SWIFT_EMIT_LOC_STRINGS = NO;
				SWIFT_VERSION = 5.0;
				TARGETED_DEVICE_FAMILY = "1,2";
				TEST_TARGET_NAME = "apiColombia-iOS";
			};
			name = Debug;
		};
		8B7D87722F32EA6100AE7E06 /* Release */ = {
			isa = XCBuildConfiguration;
			buildSettings = {
				CODE_SIGN_STYLE = Automatic;
				CURRENT_PROJECT_VERSION = 1;
				DEVELOPMENT_TEAM = P54HW8PSFF;
				GENERATE_INFOPLIST_FILE = YES;
				MARKETING_VERSION = 1.0;
				PRODUCT_BUNDLE_IDENTIFIER = "Joan.apiColombia-iOSUITests";
				PRODUCT_NAME = "$(TARGET_NAME)";
				SWIFT_EMIT_LOC_STRINGS = NO;
				SWIFT_VERSION = 5.0;
				TARGETED_DEVICE_FAMILY = "1,2";
				TEST_TARGET_NAME = "apiColombia-iOS";
			};
			name = Release;
		};
/* End XCBuildConfiguration section */

/* Begin XCConfigurationList section */
		8B7D873A2F32EA5F00AE7E06 /* Build configuration list for PBXProject "apiColombia-iOS" */ = {
			isa = XCConfigurationList;
			buildConfigurations = (
				8B7D876B2F32EA6100AE7E06 /* Debug */,
				8B7D876C2F32EA6100AE7E06 /* Release */,
			);
			defaultConfigurationIsVisible = 0;
			defaultConfigurationName = Release;
		};
		8B7D87682F32EA6100AE7E06 /* Build configuration list for PBXNativeTarget "apiColombia-iOS" */ = {
			isa = XCConfigurationList;
			buildConfigurations = (
				8B7D87692F32EA6100AE7E06 /* Debug */,
				8B7D876A2F32EA6100AE7E06 /* Release */,
			);
			defaultConfigurationIsVisible = 0;
			defaultConfigurationName = Release;
		};
		8B7D876D2F32EA6100AE7E06 /* Build configuration list for PBXNativeTarget "apiColombia-iOSTests" */ = {
			isa = XCConfigurationList;
			buildConfigurations = (
				8B7D876E2F32EA6100AE7E06 /* Debug */,
				8B7D876F2F32EA6100AE7E06 /* Release */,
			);
			defaultConfigurationIsVisible = 0;
			defaultConfigurationName = Release;
		};
		8B7D87702F32EA6100AE7E06 /* Build configuration list for PBXNativeTarget "apiColombia-iOSUITests" */ = {
			isa = XCConfigurationList;
			buildConfigurations = (
				8B7D87712F32EA6100AE7E06 /* Debug */,
				8B7D87722F32EA6100AE7E06 /* Release */,
			);
			defaultConfigurationIsVisible = 0;
			defaultConfigurationName = Release;
		};
/* End XCConfigurationList section */
	};
	rootObject = 8B7D87372F32EA5F00AE7E06 /* Project object */;
}
